
Microsoft Visual Studio Solution File, Format Version 12.00
# Visual Studio Version 16
VisualStudioVersion = 16.0.29001.49
MinimumVisualStudioVersion = 10.0.40219.1
Project("{9A19103F-16F7-4668-BE54-9A1E7A4F7556}") = "Boss.UnifiedAuth.Domain.Shared", "src\Boss.UnifiedAuth.Domain.Shared\Boss.UnifiedAuth.Domain.Shared.csproj", "{D64C1577-4929-4B60-939E-96DE1534891A}"
EndProject
Project("{9A19103F-16F7-4668-BE54-9A1E7A4F7556}") = "Boss.UnifiedAuth.Domain", "src\Boss.UnifiedAuth.Domain\Boss.UnifiedAuth.Domain.csproj", "{F2840BC7-0188-4606-9126-DADD0F5ABF7A}"
EndProject
Project("{9A19103F-16F7-4668-BE54-9A1E7A4F7556}") = "Boss.UnifiedAuth.Application.Contracts", "src\Boss.UnifiedAuth.Application.Contracts\Boss.UnifiedAuth.Application.Contracts.csproj", "{BD65D04F-08D5-40C1-8C24-77CA0BACB877}"
EndProject
Project("{9A19103F-16F7-4668-BE54-9A1E7A4F7556}") = "Boss.UnifiedAuth.Application", "src\Boss.UnifiedAuth.Application\Boss.UnifiedAuth.Application.csproj", "{78040F9E-3501-4A40-82DF-00A597710F35}"
EndProject
Project("{2150E333-8FDC-42A3-9474-1A3956D46DE8}") = "src", "src", "{649A3FFA-182F-4E56-9717-E6A9A2BEC545}"
EndProject
Project("{2150E333-8FDC-42A3-9474-1A3956D46DE8}") = "test", "test", "{CCD2960C-23CC-4AB4-B84D-60C7AAA52F4D}"
EndProject
Project("{2150E333-8FDC-42A3-9474-1A3956D46DE8}") = "host", "host", "{E400416D-2895-4512-9D17-90681EEC7E0A}"
EndProject
Project("{9A19103F-16F7-4668-BE54-9A1E7A4F7556}") = "Boss.UnifiedAuth.EntityFrameworkCore", "src\Boss.UnifiedAuth.EntityFrameworkCore\Boss.UnifiedAuth.EntityFrameworkCore.csproj", "{0CE86223-D31D-4315-A1F5-87BA3EE1B844}"
EndProject
Project("{9A19103F-16F7-4668-BE54-9A1E7A4F7556}") = "Boss.UnifiedAuth.MongoDB", "src\Boss.UnifiedAuth.MongoDB\Boss.UnifiedAuth.MongoDB.csproj", "{F1C58097-4C08-4D88-8976-6B3389391481}"
EndProject
Project("{9A19103F-16F7-4668-BE54-9A1E7A4F7556}") = "Boss.UnifiedAuth.HttpApi", "src\Boss.UnifiedAuth.HttpApi\Boss.UnifiedAuth.HttpApi.csproj", "{077AA5F8-8B61-420C-A6B5-0150A66FDB34}"
EndProject
Project("{9A19103F-16F7-4668-BE54-9A1E7A4F7556}") = "Boss.UnifiedAuth.HttpApi.Client", "src\Boss.UnifiedAuth.HttpApi.Client\Boss.UnifiedAuth.HttpApi.Client.csproj", "{36E2735F-CEAB-44C8-A6D1-2CDAFF399751}"
EndProject
Project("{9A19103F-16F7-4668-BE54-9A1E7A4F7556}") = "Boss.UnifiedAuth.TestBase", "test\Boss.UnifiedAuth.TestBase\Boss.UnifiedAuth.TestBase.csproj", "{C5BB573D-3030-4BCB-88B7-F6A85C32766C}"
EndProject
Project("{9A19103F-16F7-4668-BE54-9A1E7A4F7556}") = "Boss.UnifiedAuth.EntityFrameworkCore.Tests", "test\Boss.UnifiedAuth.EntityFrameworkCore.Tests\Boss.UnifiedAuth.EntityFrameworkCore.Tests.csproj", "{527F645C-C1FC-406E-8479-81386C8ECF13}"
EndProject
Project("{9A19103F-16F7-4668-BE54-9A1E7A4F7556}") = "Boss.UnifiedAuth.MongoDB.Tests", "test\Boss.UnifiedAuth.MongoDB.Tests\Boss.UnifiedAuth.MongoDB.Tests.csproj", "{D0AD9179-125C-40B2-A8EE-CD4C1EE24BB6}"
EndProject
Project("{9A19103F-16F7-4668-BE54-9A1E7A4F7556}") = "Boss.UnifiedAuth.Domain.Tests", "test\Boss.UnifiedAuth.Domain.Tests\Boss.UnifiedAuth.Domain.Tests.csproj", "{E60895E5-79C4-447D-88B7-85CB5BA336A4}"
EndProject
Project("{9A19103F-16F7-4668-BE54-9A1E7A4F7556}") = "Boss.UnifiedAuth.Application.Tests", "test\Boss.UnifiedAuth.Application.Tests\Boss.UnifiedAuth.Application.Tests.csproj", "{90CB5DC4-C040-45C7-8900-9688B26405BC}"
EndProject
Project("{9A19103F-16F7-4668-BE54-9A1E7A4F7556}") = "Boss.UnifiedAuth.HttpApi.Host", "host\Boss.UnifiedAuth.HttpApi.Host\Boss.UnifiedAuth.HttpApi.Host.csproj", "{37B135B0-DAFE-4616-B25C-1BDF32FC44A2}"
EndProject
Project("{9A19103F-16F7-4668-BE54-9A1E7A4F7556}") = "Boss.UnifiedAuth.HttpApi.Client.ConsoleTestApp", "test\Boss.UnifiedAuth.HttpApi.Client.ConsoleTestApp\Boss.UnifiedAuth.HttpApi.Client.ConsoleTestApp.csproj", "{1EDCD6D4-DF3A-4E3B-ABB6-C0D0B373EAB8}"
EndProject
Project("{9A19103F-16F7-4668-BE54-9A1E7A4F7556}") = "Boss.UnifiedAuth.IdentityServer", "host\Boss.UnifiedAuth.IdentityServer\Boss.UnifiedAuth.IdentityServer.csproj", "{690203F4-3CD5-4569-88D9-EE831EEA5F5F}"
EndProject
Project("{9A19103F-16F7-4668-BE54-9A1E7A4F7556}") = "Boss.UnifiedAuth.Host.Shared", "host\Boss.UnifiedAuth.Host.Shared\Boss.UnifiedAuth.Host.Shared.csproj", "{F6AC8D4A-EDD7-4514-8E8A-5BCB019864DB}"
EndProject
Project("{2150E333-8FDC-42A3-9474-1A3956D46DE8}") = "admin", "admin", "{0B60C595-0420-4AC6-ACF6-03A3147CED91}"
EndProject
Project("{2150E333-8FDC-42A3-9474-1A3956D46DE8}") = "users", "users", "{C7AA67DB-DEE4-44F4-9879-2B69526B5248}"
EndProject
Project("{9A19103F-16F7-4668-BE54-9A1E7A4F7556}") = "Boss.UnifiedAuth.Identity.Domain.Shared", "src\Boss.UnifiedAuth.Identity.Domain.Shared\Boss.UnifiedAuth.Identity.Domain.Shared.csproj", "{43FE639B-4DE5-4678-9332-C4F0BF3E394F}"
EndProject
Project("{9A19103F-16F7-4668-BE54-9A1E7A4F7556}") = "Boss.UnifiedAuth.Identity.Domain", "src\Boss.UnifiedAuth.Identity.Domain\Boss.UnifiedAuth.Identity.Domain.csproj", "{21CC3C89-1DC7-4C37-A7DE-E2D990C6180D}"
EndProject
Project("{9A19103F-16F7-4668-BE54-9A1E7A4F7556}") = "Boss.UnifiedAuth.Identity.EntityFrameworkCore", "src\Boss.UnifiedAuth.Identity.EntityFrameworkCore\Boss.UnifiedAuth.Identity.EntityFrameworkCore.csproj", "{A1EE1406-2C0D-4357-8A15-A71700AC5B14}"
EndProject
Project("{9A19103F-16F7-4668-BE54-9A1E7A4F7556}") = "Boss.UnifiedAuth.Identity.Application.Contracts", "src\Boss.UnifiedAuth.Identity.Application.Contracts\Boss.UnifiedAuth.Identity.Application.Contracts.csproj", "{6EB141B9-9792-4A07-A6F3-5923589F8739}"
EndProject
Project("{9A19103F-16F7-4668-BE54-9A1E7A4F7556}") = "Boss.UnifiedAuth.Identity.Application", "src\Boss.UnifiedAuth.Identity.Application\Boss.UnifiedAuth.Identity.Application.csproj", "{1E0EBFF1-EB74-4F7C-9997-96C0A60FED11}"
EndProject
Project("{9A19103F-16F7-4668-BE54-9A1E7A4F7556}") = "Boss.UnifiedAuth.Identity.HttpApi", "src\Boss.UnifiedAuth.Identity.HttpApi\Boss.UnifiedAuth.Identity.HttpApi.csproj", "{E46370EA-C34C-4301-8861-1E3925B27345}"
EndProject
Project("{9A19103F-16F7-4668-BE54-9A1E7A4F7556}") = "Boss.UnifiedAuth.Identity.HttpApi.Client", "src\Boss.UnifiedAuth.Identity.HttpApi.Client\Boss.UnifiedAuth.Identity.HttpApi.Client.csproj", "{06CAB803-61F1-4049-943F-061026DFF26F}"
EndProject
Project("{9A19103F-16F7-4668-BE54-9A1E7A4F7556}") = "Boss.UnifiedAuth.Identity.MongoDB", "src\Boss.UnifiedAuth.Identity.MongoDB\Boss.UnifiedAuth.Identity.MongoDB.csproj", "{ED8E8C68-83DD-4FB3-9AC0-A86F1953A54E}"
EndProject
Project("{2150E333-8FDC-42A3-9474-1A3956D46DE8}") = "admin", "admin", "{4C095412-20E1-42FA-8590-F0AD3E812005}"
EndProject
Project("{2150E333-8FDC-42A3-9474-1A3956D46DE8}") = "users", "users", "{6D0ABE4A-18CE-4E0A-A392-96AD2C1A6F33}"
EndProject
Project("{9A19103F-16F7-4668-BE54-9A1E7A4F7556}") = "Boss.UnifiedAuth.Identity.TestBase", "test\Boss.UnifiedAuth.Identity.TestBase\Boss.UnifiedAuth.Identity.TestBase.csproj", "{FD39EE28-A564-4C29-809A-C6A80FF6FD20}"
EndProject
Project("{9A19103F-16F7-4668-BE54-9A1E7A4F7556}") = "Boss.UnifiedAuth.Identity.Domain.Tests", "test\Boss.UnifiedAuth.Identity.Domain.Tests\Boss.UnifiedAuth.Identity.Domain.Tests.csproj", "{99C63584-9538-4270-93CE-73A2A318DBBA}"
EndProject
Project("{9A19103F-16F7-4668-BE54-9A1E7A4F7556}") = "Boss.UnifiedAuth.Identity.EntityFrameworkCore.Tests", "test\Boss.UnifiedAuth.Identity.EntityFrameworkCore.Tests\Boss.UnifiedAuth.Identity.EntityFrameworkCore.Tests.csproj", "{80CDED78-9649-47E9-9E6D-3B0CDBD22599}"
EndProject
Project("{9A19103F-16F7-4668-BE54-9A1E7A4F7556}") = "Boss.UnifiedAuth.Identity.Application.Tests", "test\Boss.UnifiedAuth.Identity.Application.Tests\Boss.UnifiedAuth.Identity.Application.Tests.csproj", "{512574B4-E196-4C75-B64F-593E7676B3C1}"
EndProject
Project("{9A19103F-16F7-4668-BE54-9A1E7A4F7556}") = "Boss.UnifiedAuth.Identity.HttpApi.Client.ConsoleTestApp", "test\Boss.UnifiedAuth.Identity.HttpApi.Client.ConsoleTestApp\Boss.UnifiedAuth.Identity.HttpApi.Client.ConsoleTestApp.csproj", "{EC05B101-1C1E-4BCF-967A-919D58DFA365}"
EndProject
Project("{9A19103F-16F7-4668-BE54-9A1E7A4F7556}") = "Boss.UnifiedAuth.Identity.MongoDB.Tests", "test\Boss.UnifiedAuth.Identity.MongoDB.Tests\Boss.UnifiedAuth.Identity.MongoDB.Tests.csproj", "{1F8BBBA5-1561-4BC9-8FEA-A0ABCD771879}"
EndProject
Project("{9A19103F-16F7-4668-BE54-9A1E7A4F7556}") = "Boss.UnifiedAuth.Identity.HttpApi.Host", "host\Boss.UnifiedAuth.Identity.HttpApi.Host\Boss.UnifiedAuth.Identity.HttpApi.Host.csproj", "{B4D7D5DE-FAA7-4D09-A998-C0CF0FDE773A}"
EndProject
Project("{2150E333-8FDC-42A3-9474-1A3956D46DE8}") = "auth-server", "auth-server", "{13734ECB-A5E9-45A1-AD90-045930475D05}"
EndProject
Project("{9A19103F-16F7-4668-BE54-9A1E7A4F7556}") = "Boss.UnifiedAuth.AuthServer.Domain.Shared", "src\Boss.UnifiedAuth.AuthServer.Domain.Shared\Boss.UnifiedAuth.AuthServer.Domain.Shared.csproj", "{E0C503FF-CB9D-4CE0-82E9-E7DEFA505D81}"
EndProject
Project("{9A19103F-16F7-4668-BE54-9A1E7A4F7556}") = "Boss.UnifiedAuth.AuthServer.Domain", "src\Boss.UnifiedAuth.AuthServer.Domain\Boss.UnifiedAuth.AuthServer.Domain.csproj", "{BF0C6AFB-9ED8-41DE-91A4-8363BD431FA0}"
EndProject
Project("{9A19103F-16F7-4668-BE54-9A1E7A4F7556}") = "Boss.UnifiedAuth.AuthServer.Application.Contracts", "src\Boss.UnifiedAuth.AuthServer.Application.Contracts\Boss.UnifiedAuth.AuthServer.Application.Contracts.csproj", "{B5A5DCF3-1500-4C37-A650-E7D724EA4AE4}"
EndProject
Project("{9A19103F-16F7-4668-BE54-9A1E7A4F7556}") = "Boss.UnifiedAuth.AuthServer.Application", "src\Boss.UnifiedAuth.AuthServer.Application\Boss.UnifiedAuth.AuthServer.Application.csproj", "{A80EB961-8B46-464B-95AF-958DE500C18D}"
EndProject
Project("{9A19103F-16F7-4668-BE54-9A1E7A4F7556}") = "Boss.UnifiedAuth.AuthServer.EntityFrameworkCore", "src\Boss.UnifiedAuth.AuthServer.EntityFrameworkCore\Boss.UnifiedAuth.AuthServer.EntityFrameworkCore.csproj", "{8DB653BC-51D4-4621-B1DC-36F7C2E6B56E}"
EndProject
Project("{9A19103F-16F7-4668-BE54-9A1E7A4F7556}") = "Boss.UnifiedAuth.AuthServer.HttpApi", "src\Boss.UnifiedAuth.AuthServer.HttpApi\Boss.UnifiedAuth.AuthServer.HttpApi.csproj", "{43CBC554-25C5-47B6-86B8-0D6C84F6B823}"
EndProject
Project("{9A19103F-16F7-4668-BE54-9A1E7A4F7556}") = "Boss.UnifiedAuth.AuthServer.HttpApi.Client", "src\Boss.UnifiedAuth.AuthServer.HttpApi.Client\Boss.UnifiedAuth.AuthServer.HttpApi.Client.csproj", "{F62201AF-D26F-4AE1-A951-5FC23E55369A}"
EndProject
Project("{9A19103F-16F7-4668-BE54-9A1E7A4F7556}") = "Boss.UnifiedAuth.AuthServer.MongoDB", "src\Boss.UnifiedAuth.AuthServer.MongoDB\Boss.UnifiedAuth.AuthServer.MongoDB.csproj", "{B5973993-1427-4C2E-B2E0-D00CACACBD71}"
EndProject
Project("{9A19103F-16F7-4668-BE54-9A1E7A4F7556}") = "Boss.UnifiedAuth.AuthServer.HttpApi.Host", "host\Boss.UnifiedAuth.AuthServer.HttpApi.Host\Boss.UnifiedAuth.AuthServer.HttpApi.Host.csproj", "{C12F7B3B-33EA-4F21-9E07-AADCEE91D403}"
EndProject
Global
	GlobalSection(SolutionConfigurationPlatforms) = preSolution
		Debug|Any CPU = Debug|Any CPU
		Release|Any CPU = Release|Any CPU
	EndGlobalSection
	GlobalSection(ProjectConfigurationPlatforms) = postSolution
		{D64C1577-4929-4B60-939E-96DE1534891A}.Debug|Any CPU.ActiveCfg = Debug|Any CPU
		{D64C1577-4929-4B60-939E-96DE1534891A}.Debug|Any CPU.Build.0 = Debug|Any CPU
		{D64C1577-4929-4B60-939E-96DE1534891A}.Release|Any CPU.ActiveCfg = Release|Any CPU
		{D64C1577-4929-4B60-939E-96DE1534891A}.Release|Any CPU.Build.0 = Release|Any CPU
		{F2840BC7-0188-4606-9126-DADD0F5ABF7A}.Debug|Any CPU.ActiveCfg = Debug|Any CPU
		{F2840BC7-0188-4606-9126-DADD0F5ABF7A}.Debug|Any CPU.Build.0 = Debug|Any CPU
		{F2840BC7-0188-4606-9126-DADD0F5ABF7A}.Release|Any CPU.ActiveCfg = Release|Any CPU
		{F2840BC7-0188-4606-9126-DADD0F5ABF7A}.Release|Any CPU.Build.0 = Release|Any CPU
		{BD65D04F-08D5-40C1-8C24-77CA0BACB877}.Debug|Any CPU.ActiveCfg = Debug|Any CPU
		{BD65D04F-08D5-40C1-8C24-77CA0BACB877}.Debug|Any CPU.Build.0 = Debug|Any CPU
		{BD65D04F-08D5-40C1-8C24-77CA0BACB877}.Release|Any CPU.ActiveCfg = Release|Any CPU
		{BD65D04F-08D5-40C1-8C24-77CA0BACB877}.Release|Any CPU.Build.0 = Release|Any CPU
		{78040F9E-3501-4A40-82DF-00A597710F35}.Debug|Any CPU.ActiveCfg = Debug|Any CPU
		{78040F9E-3501-4A40-82DF-00A597710F35}.Debug|Any CPU.Build.0 = Debug|Any CPU
		{78040F9E-3501-4A40-82DF-00A597710F35}.Release|Any CPU.ActiveCfg = Release|Any CPU
		{78040F9E-3501-4A40-82DF-00A597710F35}.Release|Any CPU.Build.0 = Release|Any CPU
		{0CE86223-D31D-4315-A1F5-87BA3EE1B844}.Debug|Any CPU.ActiveCfg = Debug|Any CPU
		{0CE86223-D31D-4315-A1F5-87BA3EE1B844}.Debug|Any CPU.Build.0 = Debug|Any CPU
		{0CE86223-D31D-4315-A1F5-87BA3EE1B844}.Release|Any CPU.ActiveCfg = Release|Any CPU
		{0CE86223-D31D-4315-A1F5-87BA3EE1B844}.Release|Any CPU.Build.0 = Release|Any CPU
		{F1C58097-4C08-4D88-8976-6B3389391481}.Debug|Any CPU.ActiveCfg = Debug|Any CPU
		{F1C58097-4C08-4D88-8976-6B3389391481}.Debug|Any CPU.Build.0 = Debug|Any CPU
		{F1C58097-4C08-4D88-8976-6B3389391481}.Release|Any CPU.ActiveCfg = Release|Any CPU
		{F1C58097-4C08-4D88-8976-6B3389391481}.Release|Any CPU.Build.0 = Release|Any CPU
		{077AA5F8-8B61-420C-A6B5-0150A66FDB34}.Debug|Any CPU.ActiveCfg = Debug|Any CPU
		{077AA5F8-8B61-420C-A6B5-0150A66FDB34}.Debug|Any CPU.Build.0 = Debug|Any CPU
		{077AA5F8-8B61-420C-A6B5-0150A66FDB34}.Release|Any CPU.ActiveCfg = Release|Any CPU
		{077AA5F8-8B61-420C-A6B5-0150A66FDB34}.Release|Any CPU.Build.0 = Release|Any CPU
		{36E2735F-CEAB-44C8-A6D1-2CDAFF399751}.Debug|Any CPU.ActiveCfg = Debug|Any CPU
		{36E2735F-CEAB-44C8-A6D1-2CDAFF399751}.Debug|Any CPU.Build.0 = Debug|Any CPU
		{36E2735F-CEAB-44C8-A6D1-2CDAFF399751}.Release|Any CPU.ActiveCfg = Release|Any CPU
		{36E2735F-CEAB-44C8-A6D1-2CDAFF399751}.Release|Any CPU.Build.0 = Release|Any CPU
		{C5BB573D-3030-4BCB-88B7-F6A85C32766C}.Debug|Any CPU.ActiveCfg = Debug|Any CPU
		{C5BB573D-3030-4BCB-88B7-F6A85C32766C}.Debug|Any CPU.Build.0 = Debug|Any CPU
		{C5BB573D-3030-4BCB-88B7-F6A85C32766C}.Release|Any CPU.ActiveCfg = Release|Any CPU
		{C5BB573D-3030-4BCB-88B7-F6A85C32766C}.Release|Any CPU.Build.0 = Release|Any CPU
		{527F645C-C1FC-406E-8479-81386C8ECF13}.Debug|Any CPU.ActiveCfg = Debug|Any CPU
		{527F645C-C1FC-406E-8479-81386C8ECF13}.Debug|Any CPU.Build.0 = Debug|Any CPU
		{527F645C-C1FC-406E-8479-81386C8ECF13}.Release|Any CPU.ActiveCfg = Release|Any CPU
		{527F645C-C1FC-406E-8479-81386C8ECF13}.Release|Any CPU.Build.0 = Release|Any CPU
		{D0AD9179-125C-40B2-A8EE-CD4C1EE24BB6}.Debug|Any CPU.ActiveCfg = Debug|Any CPU
		{D0AD9179-125C-40B2-A8EE-CD4C1EE24BB6}.Debug|Any CPU.Build.0 = Debug|Any CPU
		{D0AD9179-125C-40B2-A8EE-CD4C1EE24BB6}.Release|Any CPU.ActiveCfg = Release|Any CPU
		{D0AD9179-125C-40B2-A8EE-CD4C1EE24BB6}.Release|Any CPU.Build.0 = Release|Any CPU
		{E60895E5-79C4-447D-88B7-85CB5BA336A4}.Debug|Any CPU.ActiveCfg = Debug|Any CPU
		{E60895E5-79C4-447D-88B7-85CB5BA336A4}.Debug|Any CPU.Build.0 = Debug|Any CPU
		{E60895E5-79C4-447D-88B7-85CB5BA336A4}.Release|Any CPU.ActiveCfg = Release|Any CPU
		{E60895E5-79C4-447D-88B7-85CB5BA336A4}.Release|Any CPU.Build.0 = Release|Any CPU
		{90CB5DC4-C040-45C7-8900-9688B26405BC}.Debug|Any CPU.ActiveCfg = Debug|Any CPU
		{90CB5DC4-C040-45C7-8900-9688B26405BC}.Debug|Any CPU.Build.0 = Debug|Any CPU
		{90CB5DC4-C040-45C7-8900-9688B26405BC}.Release|Any CPU.ActiveCfg = Release|Any CPU
		{90CB5DC4-C040-45C7-8900-9688B26405BC}.Release|Any CPU.Build.0 = Release|Any CPU
		{37B135B0-DAFE-4616-B25C-1BDF32FC44A2}.Debug|Any CPU.ActiveCfg = Debug|Any CPU
		{37B135B0-DAFE-4616-B25C-1BDF32FC44A2}.Debug|Any CPU.Build.0 = Debug|Any CPU
		{37B135B0-DAFE-4616-B25C-1BDF32FC44A2}.Release|Any CPU.ActiveCfg = Release|Any CPU
		{37B135B0-DAFE-4616-B25C-1BDF32FC44A2}.Release|Any CPU.Build.0 = Release|Any CPU
		{1EDCD6D4-DF3A-4E3B-ABB6-C0D0B373EAB8}.Debug|Any CPU.ActiveCfg = Debug|Any CPU
		{1EDCD6D4-DF3A-4E3B-ABB6-C0D0B373EAB8}.Debug|Any CPU.Build.0 = Debug|Any CPU
		{1EDCD6D4-DF3A-4E3B-ABB6-C0D0B373EAB8}.Release|Any CPU.ActiveCfg = Release|Any CPU
		{1EDCD6D4-DF3A-4E3B-ABB6-C0D0B373EAB8}.Release|Any CPU.Build.0 = Release|Any CPU
		{690203F4-3CD5-4569-88D9-EE831EEA5F5F}.Debug|Any CPU.ActiveCfg = Debug|Any CPU
		{690203F4-3CD5-4569-88D9-EE831EEA5F5F}.Debug|Any CPU.Build.0 = Debug|Any CPU
		{690203F4-3CD5-4569-88D9-EE831EEA5F5F}.Release|Any CPU.ActiveCfg = Release|Any CPU
		{690203F4-3CD5-4569-88D9-EE831EEA5F5F}.Release|Any CPU.Build.0 = Release|Any CPU
		{F6AC8D4A-EDD7-4514-8E8A-5BCB019864DB}.Debug|Any CPU.ActiveCfg = Debug|Any CPU
		{F6AC8D4A-EDD7-4514-8E8A-5BCB019864DB}.Debug|Any CPU.Build.0 = Debug|Any CPU
		{F6AC8D4A-EDD7-4514-8E8A-5BCB019864DB}.Release|Any CPU.ActiveCfg = Release|Any CPU
		{F6AC8D4A-EDD7-4514-8E8A-5BCB019864DB}.Release|Any CPU.Build.0 = Release|Any CPU
		{43FE639B-4DE5-4678-9332-C4F0BF3E394F}.Debug|Any CPU.ActiveCfg = Debug|Any CPU
		{43FE639B-4DE5-4678-9332-C4F0BF3E394F}.Debug|Any CPU.Build.0 = Debug|Any CPU
		{43FE639B-4DE5-4678-9332-C4F0BF3E394F}.Release|Any CPU.ActiveCfg = Release|Any CPU
		{43FE639B-4DE5-4678-9332-C4F0BF3E394F}.Release|Any CPU.Build.0 = Release|Any CPU
		{21CC3C89-1DC7-4C37-A7DE-E2D990C6180D}.Debug|Any CPU.ActiveCfg = Debug|Any CPU
		{21CC3C89-1DC7-4C37-A7DE-E2D990C6180D}.Debug|Any CPU.Build.0 = Debug|Any CPU
		{21CC3C89-1DC7-4C37-A7DE-E2D990C6180D}.Release|Any CPU.ActiveCfg = Release|Any CPU
		{21CC3C89-1DC7-4C37-A7DE-E2D990C6180D}.Release|Any CPU.Build.0 = Release|Any CPU
		{A1EE1406-2C0D-4357-8A15-A71700AC5B14}.Debug|Any CPU.ActiveCfg = Debug|Any CPU
		{A1EE1406-2C0D-4357-8A15-A71700AC5B14}.Debug|Any CPU.Build.0 = Debug|Any CPU
		{A1EE1406-2C0D-4357-8A15-A71700AC5B14}.Release|Any CPU.ActiveCfg = Release|Any CPU
		{A1EE1406-2C0D-4357-8A15-A71700AC5B14}.Release|Any CPU.Build.0 = Release|Any CPU
		{6EB141B9-9792-4A07-A6F3-5923589F8739}.Debug|Any CPU.ActiveCfg = Debug|Any CPU
		{6EB141B9-9792-4A07-A6F3-5923589F8739}.Debug|Any CPU.Build.0 = Debug|Any CPU
		{6EB141B9-9792-4A07-A6F3-5923589F8739}.Release|Any CPU.ActiveCfg = Release|Any CPU
		{6EB141B9-9792-4A07-A6F3-5923589F8739}.Release|Any CPU.Build.0 = Release|Any CPU
		{1E0EBFF1-EB74-4F7C-9997-96C0A60FED11}.Debug|Any CPU.ActiveCfg = Debug|Any CPU
		{1E0EBFF1-EB74-4F7C-9997-96C0A60FED11}.Debug|Any CPU.Build.0 = Debug|Any CPU
		{1E0EBFF1-EB74-4F7C-9997-96C0A60FED11}.Release|Any CPU.ActiveCfg = Release|Any CPU
		{1E0EBFF1-EB74-4F7C-9997-96C0A60FED11}.Release|Any CPU.Build.0 = Release|Any CPU
		{E46370EA-C34C-4301-8861-1E3925B27345}.Debug|Any CPU.ActiveCfg = Debug|Any CPU
		{E46370EA-C34C-4301-8861-1E3925B27345}.Debug|Any CPU.Build.0 = Debug|Any CPU
		{E46370EA-C34C-4301-8861-1E3925B27345}.Release|Any CPU.ActiveCfg = Release|Any CPU
		{E46370EA-C34C-4301-8861-1E3925B27345}.Release|Any CPU.Build.0 = Release|Any CPU
		{06CAB803-61F1-4049-943F-061026DFF26F}.Debug|Any CPU.ActiveCfg = Debug|Any CPU
		{06CAB803-61F1-4049-943F-061026DFF26F}.Debug|Any CPU.Build.0 = Debug|Any CPU
		{06CAB803-61F1-4049-943F-061026DFF26F}.Release|Any CPU.ActiveCfg = Release|Any CPU
		{06CAB803-61F1-4049-943F-061026DFF26F}.Release|Any CPU.Build.0 = Release|Any CPU
		{ED8E8C68-83DD-4FB3-9AC0-A86F1953A54E}.Debug|Any CPU.ActiveCfg = Debug|Any CPU
		{ED8E8C68-83DD-4FB3-9AC0-A86F1953A54E}.Debug|Any CPU.Build.0 = Debug|Any CPU
		{ED8E8C68-83DD-4FB3-9AC0-A86F1953A54E}.Release|Any CPU.ActiveCfg = Release|Any CPU
		{ED8E8C68-83DD-4FB3-9AC0-A86F1953A54E}.Release|Any CPU.Build.0 = Release|Any CPU
		{FD39EE28-A564-4C29-809A-C6A80FF6FD20}.Debug|Any CPU.ActiveCfg = Debug|Any CPU
		{FD39EE28-A564-4C29-809A-C6A80FF6FD20}.Debug|Any CPU.Build.0 = Debug|Any CPU
		{FD39EE28-A564-4C29-809A-C6A80FF6FD20}.Release|Any CPU.ActiveCfg = Release|Any CPU
		{FD39EE28-A564-4C29-809A-C6A80FF6FD20}.Release|Any CPU.Build.0 = Release|Any CPU
		{99C63584-9538-4270-93CE-73A2A318DBBA}.Debug|Any CPU.ActiveCfg = Debug|Any CPU
		{99C63584-9538-4270-93CE-73A2A318DBBA}.Debug|Any CPU.Build.0 = Debug|Any CPU
		{99C63584-9538-4270-93CE-73A2A318DBBA}.Release|Any CPU.ActiveCfg = Release|Any CPU
		{99C63584-9538-4270-93CE-73A2A318DBBA}.Release|Any CPU.Build.0 = Release|Any CPU
		{80CDED78-9649-47E9-9E6D-3B0CDBD22599}.Debug|Any CPU.ActiveCfg = Debug|Any CPU
		{80CDED78-9649-47E9-9E6D-3B0CDBD22599}.Debug|Any CPU.Build.0 = Debug|Any CPU
		{80CDED78-9649-47E9-9E6D-3B0CDBD22599}.Release|Any CPU.ActiveCfg = Release|Any CPU
		{80CDED78-9649-47E9-9E6D-3B0CDBD22599}.Release|Any CPU.Build.0 = Release|Any CPU
		{512574B4-E196-4C75-B64F-593E7676B3C1}.Debug|Any CPU.ActiveCfg = Debug|Any CPU
		{512574B4-E196-4C75-B64F-593E7676B3C1}.Debug|Any CPU.Build.0 = Debug|Any CPU
		{512574B4-E196-4C75-B64F-593E7676B3C1}.Release|Any CPU.ActiveCfg = Release|Any CPU
		{512574B4-E196-4C75-B64F-593E7676B3C1}.Release|Any CPU.Build.0 = Release|Any CPU
		{EC05B101-1C1E-4BCF-967A-919D58DFA365}.Debug|Any CPU.ActiveCfg = Debug|Any CPU
		{EC05B101-1C1E-4BCF-967A-919D58DFA365}.Debug|Any CPU.Build.0 = Debug|Any CPU
		{EC05B101-1C1E-4BCF-967A-919D58DFA365}.Release|Any CPU.ActiveCfg = Release|Any CPU
		{EC05B101-1C1E-4BCF-967A-919D58DFA365}.Release|Any CPU.Build.0 = Release|Any CPU
		{1F8BBBA5-1561-4BC9-8FEA-A0ABCD771879}.Debug|Any CPU.ActiveCfg = Debug|Any CPU
		{1F8BBBA5-1561-4BC9-8FEA-A0ABCD771879}.Debug|Any CPU.Build.0 = Debug|Any CPU
		{1F8BBBA5-1561-4BC9-8FEA-A0ABCD771879}.Release|Any CPU.ActiveCfg = Release|Any CPU
		{1F8BBBA5-1561-4BC9-8FEA-A0ABCD771879}.Release|Any CPU.Build.0 = Release|Any CPU
		{B4D7D5DE-FAA7-4D09-A998-C0CF0FDE773A}.Debug|Any CPU.ActiveCfg = Debug|Any CPU
		{B4D7D5DE-FAA7-4D09-A998-C0CF0FDE773A}.Debug|Any CPU.Build.0 = Debug|Any CPU
		{B4D7D5DE-FAA7-4D09-A998-C0CF0FDE773A}.Release|Any CPU.ActiveCfg = Release|Any CPU
		{B4D7D5DE-FAA7-4D09-A998-C0CF0FDE773A}.Release|Any CPU.Build.0 = Release|Any CPU
		{E0C503FF-CB9D-4CE0-82E9-E7DEFA505D81}.Debug|Any CPU.ActiveCfg = Debug|Any CPU
		{E0C503FF-CB9D-4CE0-82E9-E7DEFA505D81}.Debug|Any CPU.Build.0 = Debug|Any CPU
		{E0C503FF-CB9D-4CE0-82E9-E7DEFA505D81}.Release|Any CPU.ActiveCfg = Release|Any CPU
		{E0C503FF-CB9D-4CE0-82E9-E7DEFA505D81}.Release|Any CPU.Build.0 = Release|Any CPU
		{BF0C6AFB-9ED8-41DE-91A4-8363BD431FA0}.Debug|Any CPU.ActiveCfg = Debug|Any CPU
		{BF0C6AFB-9ED8-41DE-91A4-8363BD431FA0}.Debug|Any CPU.Build.0 = Debug|Any CPU
		{BF0C6AFB-9ED8-41DE-91A4-8363BD431FA0}.Release|Any CPU.ActiveCfg = Release|Any CPU
		{BF0C6AFB-9ED8-41DE-91A4-8363BD431FA0}.Release|Any CPU.Build.0 = Release|Any CPU
		{B5A5DCF3-1500-4C37-A650-E7D724EA4AE4}.Debug|Any CPU.ActiveCfg = Debug|Any CPU
		{B5A5DCF3-1500-4C37-A650-E7D724EA4AE4}.Debug|Any CPU.Build.0 = Debug|Any CPU
		{B5A5DCF3-1500-4C37-A650-E7D724EA4AE4}.Release|Any CPU.ActiveCfg = Release|Any CPU
		{B5A5DCF3-1500-4C37-A650-E7D724EA4AE4}.Release|Any CPU.Build.0 = Release|Any CPU
		{A80EB961-8B46-464B-95AF-958DE500C18D}.Debug|Any CPU.ActiveCfg = Debug|Any CPU
		{A80EB961-8B46-464B-95AF-958DE500C18D}.Debug|Any CPU.Build.0 = Debug|Any CPU
		{A80EB961-8B46-464B-95AF-958DE500C18D}.Release|Any CPU.ActiveCfg = Release|Any CPU
		{A80EB961-8B46-464B-95AF-958DE500C18D}.Release|Any CPU.Build.0 = Release|Any CPU
		{8DB653BC-51D4-4621-B1DC-36F7C2E6B56E}.Debug|Any CPU.ActiveCfg = Debug|Any CPU
		{8DB653BC-51D4-4621-B1DC-36F7C2E6B56E}.Debug|Any CPU.Build.0 = Debug|Any CPU
		{8DB653BC-51D4-4621-B1DC-36F7C2E6B56E}.Release|Any CPU.ActiveCfg = Release|Any CPU
		{8DB653BC-51D4-4621-B1DC-36F7C2E6B56E}.Release|Any CPU.Build.0 = Release|Any CPU
		{43CBC554-25C5-47B6-86B8-0D6C84F6B823}.Debug|Any CPU.ActiveCfg = Debug|Any CPU
		{43CBC554-25C5-47B6-86B8-0D6C84F6B823}.Debug|Any CPU.Build.0 = Debug|Any CPU
		{43CBC554-25C5-47B6-86B8-0D6C84F6B823}.Release|Any CPU.ActiveCfg = Release|Any CPU
		{43CBC554-25C5-47B6-86B8-0D6C84F6B823}.Release|Any CPU.Build.0 = Release|Any CPU
		{F62201AF-D26F-4AE1-A951-5FC23E55369A}.Debug|Any CPU.ActiveCfg = Debug|Any CPU
		{F62201AF-D26F-4AE1-A951-5FC23E55369A}.Debug|Any CPU.Build.0 = Debug|Any CPU
		{F62201AF-D26F-4AE1-A951-5FC23E55369A}.Release|Any CPU.ActiveCfg = Release|Any CPU
		{F62201AF-D26F-4AE1-A951-5FC23E55369A}.Release|Any CPU.Build.0 = Release|Any CPU
		{B5973993-1427-4C2E-B2E0-D00CACACBD71}.Debug|Any CPU.ActiveCfg = Debug|Any CPU
		{B5973993-1427-4C2E-B2E0-D00CACACBD71}.Debug|Any CPU.Build.0 = Debug|Any CPU
		{B5973993-1427-4C2E-B2E0-D00CACACBD71}.Release|Any CPU.ActiveCfg = Release|Any CPU
		{B5973993-1427-4C2E-B2E0-D00CACACBD71}.Release|Any CPU.Build.0 = Release|Any CPU
		{C12F7B3B-33EA-4F21-9E07-AADCEE91D403}.Debug|Any CPU.ActiveCfg = Debug|Any CPU
		{C12F7B3B-33EA-4F21-9E07-AADCEE91D403}.Debug|Any CPU.Build.0 = Debug|Any CPU
		{C12F7B3B-33EA-4F21-9E07-AADCEE91D403}.Release|Any CPU.ActiveCfg = Release|Any CPU
		{C12F7B3B-33EA-4F21-9E07-AADCEE91D403}.Release|Any CPU.Build.0 = Release|Any CPU
	EndGlobalSection
	GlobalSection(SolutionProperties) = preSolution
		HideSolutionNode = FALSE
	EndGlobalSection
	GlobalSection(NestedProjects) = preSolution
		{D64C1577-4929-4B60-939E-96DE1534891A} = {0B60C595-0420-4AC6-ACF6-03A3147CED91}
		{F2840BC7-0188-4606-9126-DADD0F5ABF7A} = {0B60C595-0420-4AC6-ACF6-03A3147CED91}
		{BD65D04F-08D5-40C1-8C24-77CA0BACB877} = {0B60C595-0420-4AC6-ACF6-03A3147CED91}
		{78040F9E-3501-4A40-82DF-00A597710F35} = {0B60C595-0420-4AC6-ACF6-03A3147CED91}
		{0CE86223-D31D-4315-A1F5-87BA3EE1B844} = {0B60C595-0420-4AC6-ACF6-03A3147CED91}
		{F1C58097-4C08-4D88-8976-6B3389391481} = {0B60C595-0420-4AC6-ACF6-03A3147CED91}
		{077AA5F8-8B61-420C-A6B5-0150A66FDB34} = {0B60C595-0420-4AC6-ACF6-03A3147CED91}
		{36E2735F-CEAB-44C8-A6D1-2CDAFF399751} = {0B60C595-0420-4AC6-ACF6-03A3147CED91}
		{C5BB573D-3030-4BCB-88B7-F6A85C32766C} = {4C095412-20E1-42FA-8590-F0AD3E812005}
		{527F645C-C1FC-406E-8479-81386C8ECF13} = {4C095412-20E1-42FA-8590-F0AD3E812005}
		{D0AD9179-125C-40B2-A8EE-CD4C1EE24BB6} = {4C095412-20E1-42FA-8590-F0AD3E812005}
		{E60895E5-79C4-447D-88B7-85CB5BA336A4} = {4C095412-20E1-42FA-8590-F0AD3E812005}
		{90CB5DC4-C040-45C7-8900-9688B26405BC} = {4C095412-20E1-42FA-8590-F0AD3E812005}
		{37B135B0-DAFE-4616-B25C-1BDF32FC44A2} = {E400416D-2895-4512-9D17-90681EEC7E0A}
		{1EDCD6D4-DF3A-4E3B-ABB6-C0D0B373EAB8} = {4C095412-20E1-42FA-8590-F0AD3E812005}
		{690203F4-3CD5-4569-88D9-EE831EEA5F5F} = {E400416D-2895-4512-9D17-90681EEC7E0A}
		{F6AC8D4A-EDD7-4514-8E8A-5BCB019864DB} = {E400416D-2895-4512-9D17-90681EEC7E0A}
		{0B60C595-0420-4AC6-ACF6-03A3147CED91} = {649A3FFA-182F-4E56-9717-E6A9A2BEC545}
		{C7AA67DB-DEE4-44F4-9879-2B69526B5248} = {649A3FFA-182F-4E56-9717-E6A9A2BEC545}
		{43FE639B-4DE5-4678-9332-C4F0BF3E394F} = {C7AA67DB-DEE4-44F4-9879-2B69526B5248}
		{21CC3C89-1DC7-4C37-A7DE-E2D990C6180D} = {C7AA67DB-DEE4-44F4-9879-2B69526B5248}
		{A1EE1406-2C0D-4357-8A15-A71700AC5B14} = {C7AA67DB-DEE4-44F4-9879-2B69526B5248}
		{6EB141B9-9792-4A07-A6F3-5923589F8739} = {C7AA67DB-DEE4-44F4-9879-2B69526B5248}
		{1E0EBFF1-EB74-4F7C-9997-96C0A60FED11} = {C7AA67DB-DEE4-44F4-9879-2B69526B5248}
		{E46370EA-C34C-4301-8861-1E3925B27345} = {C7AA67DB-DEE4-44F4-9879-2B69526B5248}
		{06CAB803-61F1-4049-943F-061026DFF26F} = {C7AA67DB-DEE4-44F4-9879-2B69526B5248}
		{ED8E8C68-83DD-4FB3-9AC0-A86F1953A54E} = {C7AA67DB-DEE4-44F4-9879-2B69526B5248}
		{4C095412-20E1-42FA-8590-F0AD3E812005} = {CCD2960C-23CC-4AB4-B84D-60C7AAA52F4D}
		{6D0ABE4A-18CE-4E0A-A392-96AD2C1A6F33} = {CCD2960C-23CC-4AB4-B84D-60C7AAA52F4D}
		{FD39EE28-A564-4C29-809A-C6A80FF6FD20} = {6D0ABE4A-18CE-4E0A-A392-96AD2C1A6F33}
		{99C63584-9538-4270-93CE-73A2A318DBBA} = {6D0ABE4A-18CE-4E0A-A392-96AD2C1A6F33}
		{80CDED78-9649-47E9-9E6D-3B0CDBD22599} = {6D0ABE4A-18CE-4E0A-A392-96AD2C1A6F33}
		{512574B4-E196-4C75-B64F-593E7676B3C1} = {6D0ABE4A-18CE-4E0A-A392-96AD2C1A6F33}
		{EC05B101-1C1E-4BCF-967A-919D58DFA365} = {6D0ABE4A-18CE-4E0A-A392-96AD2C1A6F33}
		{1F8BBBA5-1561-4BC9-8FEA-A0ABCD771879} = {6D0ABE4A-18CE-4E0A-A392-96AD2C1A6F33}
		{B4D7D5DE-FAA7-4D09-A998-C0CF0FDE773A} = {E400416D-2895-4512-9D17-90681EEC7E0A}
		{13734ECB-A5E9-45A1-AD90-045930475D05} = {649A3FFA-182F-4E56-9717-E6A9A2BEC545}
		{E0C503FF-CB9D-4CE0-82E9-E7DEFA505D81} = {13734ECB-A5E9-45A1-AD90-045930475D05}
		{BF0C6AFB-9ED8-41DE-91A4-8363BD431FA0} = {13734ECB-A5E9-45A1-AD90-045930475D05}
		{B5A5DCF3-1500-4C37-A650-E7D724EA4AE4} = {13734ECB-A5E9-45A1-AD90-045930475D05}
		{A80EB961-8B46-464B-95AF-958DE500C18D} = {13734ECB-A5E9-45A1-AD90-045930475D05}
		{8DB653BC-51D4-4621-B1DC-36F7C2E6B56E} = {13734ECB-A5E9-45A1-AD90-045930475D05}
		{43CBC554-25C5-47B6-86B8-0D6C84F6B823} = {13734ECB-A5E9-45A1-AD90-045930475D05}
		{F62201AF-D26F-4AE1-A951-5FC23E55369A} = {13734ECB-A5E9-45A1-AD90-045930475D05}
		{B5973993-1427-4C2E-B2E0-D00CACACBD71} = {13734ECB-A5E9-45A1-AD90-045930475D05}
		{C12F7B3B-33EA-4F21-9E07-AADCEE91D403} = {E400416D-2895-4512-9D17-90681EEC7E0A}
	EndGlobalSection
	GlobalSection(ExtensibilityGlobals) = postSolution
		SolutionGuid = {4324B3B4-B60B-4E3C-91D8-59576B4E26DD}
	EndGlobalSection
EndGlobal
